<?xml version="1.0" encoding="utf-8"?>
<Project ToolsVersion="4.0" xmlns="http://schemas.microsoft.com/developer/msbuild/2003">
  <ItemGroup>
    <Filter Include="Source Files">
      <UniqueIdentifier>{4FC737F1-C7A5-4376-A066-2A32D752A2FF}</UniqueIdentifier>
      <Extensions>cpp;c;cc;cxx;def;odl;idl;hpj;bat;asm;asmx</Extensions>
    </Filter>
    <Filter Include="Header Files">
      <UniqueIdentifier>{93995380-89BD-4b04-88EB-625FBE52EBFB}</UniqueIdentifier>
      <Extensions>h;hpp;hxx;hm;inl;inc;xsd</Extensions>
    </Filter>
    <Filter Include="Resource Files">
      <UniqueIdentifier>{67DA6AB6-F800-4c08-8B7A-83BB121AAD01}</UniqueIdentifier>
      <Extensions>rc;ico;cur;bmp;dlg;rc2;rct;bin;rgs;gif;jpg;jpeg;jpe;resx;tiff;tif;png;wav;mfcribbon-ms</Extensions>
    </Filter>
    <Filter Include="Header Files\RSA">
      <UniqueIdentifier>{d4d41c2a-3dd8-4d25-8fcd-c4a518f63035}</UniqueIdentifier>
    </Filter>
    <Filter Include="Header Files\AntiHack">
      <UniqueIdentifier>{2253d791-d8b7-4b33-bf46-0ba5a4d5b2d0}</UniqueIdentifier>
    </Filter>
    <Filter Include="Header Files\ProtocolCrypt">
      <UniqueIdentifier>{230b1f4a-1939-4a13-af5d-f084f346d6c7}</UniqueIdentifier>
    </Filter>
  </ItemGroup>
  <ItemGroup>
    <ClInclude Include="stdafx.h">
      <Filter>Header Files</Filter>
    </ClInclude>
    <ClInclude Include="targetver.h">
      <Filter>Header Files</Filter>
    </ClInclude>
    <ClInclude Include="SimpleModulus.h">
      <Filter>Header Files</Filter>
    </ClInclude>
    <ClInclude Include="ProtoFix.h">
      <Filter>Header Files</Filter>
    </ClInclude>
    <ClInclude Include="offsets.h">
      <Filter>Header Files</Filter>
    </ClInclude>
    <ClInclude Include="HookManager.h">
      <Filter>Header Files</Filter>
    </ClInclude>
    <ClInclude Include="Exception.h">
      <Filter>Header Files</Filter>
    </ClInclude>
    <ClInclude Include="ItemManagement.h">
      <Filter>Header Files</Filter>
    </ClInclude>
    <ClInclude Include="DamageExtension.h">
      <Filter>Source Files</Filter>
    </ClInclude>
    <ClInclude Include="ServerBmd.h">
      <Filter>Header Files</Filter>
    </ClInclude>
    <ClInclude Include="ResourceManager.h">
      <Filter>Header Files</Filter>
    </ClInclude>
    <ClInclude Include="ResourceLoader.h">
      <Filter>Header Files</Filter>
    </ClInclude>
    <ClInclude Include="EncDec.h">
      <Filter>Header Files</Filter>
    </ClInclude>
    <ClInclude Include="ItemLoad.h">
      <Filter>Header Files</Filter>
    </ClInclude>
    <ClInclude Include="EncryptProto.h">
      <Filter>Header Files</Filter>
    </ClInclude>
    <ClInclude Include="ProcessScan.h">
      <Filter>Header Files\AntiHack</Filter>
    </ClInclude>
    <ClInclude Include="AntiHack.h">
      <Filter>Header Files\AntiHack</Filter>
    </ClInclude>
    <ClInclude Include="CustomWings.h">
      <Filter>Header Files</Filter>
    </ClInclude>
    <ClInclude Include="Text.h">
      <Filter>Header Files</Filter>
    </ClInclude>
    <ClInclude Include="Macros.h">
      <Filter>Header Files</Filter>
    </ClInclude>
    <ClInclude Include="Interface.h">
      <Filter>Header Files</Filter>
    </ClInclude>
    <ClInclude Include="Camera.h">
      <Filter>Header Files</Filter>
    </ClInclude>
    <ClInclude Include="WndHook.h">
      <Filter>Header Files</Filter>
    </ClInclude>
    <ClInclude Include="resource.h">
      <Filter>Header Files</Filter>
    </ClInclude>
    <ClInclude Include="Glow.h">
      <Filter>Header Files</Filter>
    </ClInclude>
    <ClInclude Include="distorm.h">
      <Filter>Header Files</Filter>
    </ClInclude>
    <ClInclude Include="PacketEncryptV2.h">
      <Filter>Header Files</Filter>
    </ClInclude>
    <ClInclude Include="mdump.h">
      <Filter>Header Files</Filter>
    </ClInclude>
    <ClInclude Include="LogToFile.h">
      <Filter>Header Files</Filter>
    </ClInclude>
    <ClInclude Include="..\..\Libraries\Shared\RSA\1.0\CRC.h">
      <Filter>Header Files\RSA</Filter>
    </ClInclude>
    <ClInclude Include="..\..\Libraries\Shared\RSA\1.0\IgcInt.h">
      <Filter>Header Files\RSA</Filter>
    </ClInclude>
    <ClInclude Include="..\..\Libraries\Shared\RSA\1.0\IgcMath.h">
      <Filter>Header Files\RSA</Filter>
    </ClInclude>
    <ClInclude Include="..\..\Libraries\Shared\RSA\1.0\MuRSA.h">
      <Filter>Header Files\RSA</Filter>
    </ClInclude>
    <ClInclude Include="..\..\Libraries\Shared\RSA\1.0\RNG.h">
      <Filter>Header Files\RSA</Filter>
    </ClInclude>
    <ClInclude Include="..\..\Libraries\Shared\RSA\1.0\SRSA.h">
      <Filter>Header Files\RSA</Filter>
    </ClInclude>
  </ItemGroup>
  <ItemGroup>
    <ClCompile Include="stdafx.cpp">
      <Filter>Source Files</Filter>
    </ClCompile>
    <ClCompile Include="dllmain.cpp">
      <Filter>Source Files</Filter>
    </ClCompile>
    <ClCompile Include="SimpleModulus.cpp">
      <Filter>Source Files</Filter>
    </ClCompile>
    <ClCompile Include="ProtoFix.cpp">
      <Filter>Source Files</Filter>
    </ClCompile>
    <ClCompile Include="HookManager.cpp">
      <Filter>Source Files</Filter>
    </ClCompile>
    <ClCompile Include="Exception.cpp">
      <Filter>Source Files</Filter>
    </ClCompile>
    <ClCompile Include="ItemManagement.cpp">
      <Filter>Source Files</Filter>
    </ClCompile>
    <ClCompile Include="DamageExtension.cpp">
      <Filter>Source Files</Filter>
    </ClCompile>
    <ClCompile Include="ServerBMD.cpp">
      <Filter>Source Files</Filter>
    </ClCompile>
    <ClCompile Include="ResourceManager.cpp">
      <Filter>Source Files</Filter>
    </ClCompile>
    <ClCompile Include="EncDec.cpp">
      <Filter>Source Files</Filter>
    </ClCompile>
    <ClCompile Include="ItemLoad.cpp">
      <Filter>Source Files</Filter>
    </ClCompile>
    <ClCompile Include="EncryptProto.cpp">
      <Filter>Source Files</Filter>
    </ClCompile>
    <ClCompile Include="ProcessScan.cpp">
      <Filter>Header Files\AntiHack</Filter>
    </ClCompile>
    <ClCompile Include="AntiHack.cpp">
      <Filter>Header Files\AntiHack</Filter>
    </ClCompile>
    <ClCompile Include="CustomWings.cpp">
      <Filter>Source Files</Filter>
    </ClCompile>
    <ClCompile Include="Text.cpp">
      <Filter>Source Files</Filter>
    </ClCompile>
    <ClCompile Include="Interface.cpp">
      <Filter>Source Files</Filter>
    </ClCompile>
    <ClCompile Include="Camera.cpp">
      <Filter>Source Files</Filter>
    </ClCompile>
    <ClCompile Include="WndHook.cpp">
      <Filter>Source Files</Filter>
    </ClCompile>
    <ClCompile Include="Glow.cpp">
      <Filter>Source Files</Filter>
    </ClCompile>
    <ClCompile Include="PacketEncryptV2.cpp">
      <Filter>Source Files</Filter>
    </ClCompile>
    <ClCompile Include="mdump.cpp">
      <Filter>Source Files</Filter>
    </ClCompile>
    <ClCompile Include="PacketTwister.cpp">
      <Filter>Source Files</Filter>
    </ClCompile>
    <ClCompile Include="LogToFile.cpp">
      <Filter>Source Files</Filter>
    </ClCompile>
    <ClCompile Include="..\..\Libraries\Shared\RSA\1.0\CRC.cpp">
      <Filter>Header Files\RSA</Filter>
    </ClCompile>
    <ClCompile Include="..\..\Libraries\Shared\RSA\1.0\IgcInt.cpp">
      <Filter>Header Files\RSA</Filter>
    </ClCompile>
    <ClCompile Include="..\..\Libraries\Shared\RSA\1.0\IgcMath.cpp">
      <Filter>Header Files\RSA</Filter>
    </ClCompile>
    <ClCompile Include="..\..\Libraries\Shared\RSA\1.0\MuRSA.cpp">
      <Filter>Header Files\RSA</Filter>
    </ClCompile>
    <ClCompile Include="..\..\Libraries\Shared\RSA\1.0\RNG.cpp">
      <Filter>Header Files\RSA</Filter>
    </ClCompile>
    <ClCompile Include="..\..\Libraries\Shared\RSA\1.0\SRSA.cpp">
      <Filter>Header Files\RSA</Filter>
    </ClCompile>
    <ClCompile Include="IGCEX803.cpp">
      <Filter>Source Files</Filter>
    </ClCompile>
  </ItemGroup>
  <ItemGroup>
    <ResourceCompile Include="Resource.rc">
      <Filter>Resource Files</Filter>
    </ResourceCompile>
  </ItemGroup>
  <ItemGroup>
    <Text Include="Research\Research.txt" />
  </ItemGroup>
</Project>